
Microsoft Visual Studio Solution File, Format Version 12.00
# Visual Studio Version 16
VisualStudioVersion = 16.0.30114.105
MinimumVisualStudioVersion = 10.0.40219.1
Project("{FAE04EC0-301F-11D3-BF4B-00C04F79EFBC}") = "Accounts", "Accounts\Accounts.csproj", "{E90ACA31-CE82-41E9-A5C4-F03F88DA4D96}"
EndProject
Project("{FAE04EC0-301F-11D3-BF4B-00C04F79EFBC}") = "BankingPortal", "BankingPortal\BankingPortal.csproj", "{B6B69DC6-B69A-4741-B618-7A5559917A17}"
EndProject
Project("{FAE04EC0-301F-11D3-BF4B-00C04F79EFBC}") = "Customers", "Customers\Customers.csproj", "{B7BEA3D2-379C-4510-8EC5-10902FA4ED0A}"
EndProject
Global
	GlobalSection(SolutionConfigurationPlatforms) = preSolution
		Debug|Any CPU = Debug|Any CPU
		Release|Any CPU = Release|Any CPU
	EndGlobalSection
	GlobalSection(SolutionProperties) = preSolution
		HideSolutionNode = FALSE
	EndGlobalSection
	GlobalSection(ProjectConfigurationPlatforms) = postSolution
		{E90ACA31-CE82-41E9-A5C4-F03F88DA4D96}.Debug|Any CPU.ActiveCfg = Debug|Any CPU
		{E90ACA31-CE82-41E9-A5C4-F03F88DA4D96}.Debug|Any CPU.Build.0 = Debug|Any CPU
		{E90ACA31-CE82-41E9-A5C4-F03F88DA4D96}.Release|Any CPU.ActiveCfg = Release|Any CPU
		{E90ACA31-CE82-41E9-A5C4-F03F88DA4D96}.Release|Any CPU.Build.0 = Release|Any CPU
		{B6B69DC6-B69A-4741-B618-7A5559917A17}.Debug|Any CPU.ActiveCfg = Debug|Any CPU
		{B6B69DC6-B69A-4741-B618-7A5559917A17}.Debug|Any CPU.Build.0 = Debug|Any CPU
		{B6B69DC6-B69A-4741-B618-7A5559917A17}.Release|Any CPU.ActiveCfg = Release|Any CPU
		{B6B69DC6-B69A-4741-B618-7A5559917A17}.Release|Any CPU.Build.0 = Release|Any CPU
		{B7BEA3D2-379C-4510-8EC5-10902FA4ED0A}.Debug|Any CPU.ActiveCfg = Debug|Any CPU
		{B7BEA3D2-379C-4510-8EC5-10902FA4ED0A}.Debug|Any CPU.Build.0 = Debug|Any CPU
		{B7BEA3D2-379C-4510-8EC5-10902FA4ED0A}.Release|Any CPU.ActiveCfg = Release|Any CPU
		{B7BEA3D2-379C-4510-8EC5-10902FA4ED0A}.Release|Any CPU.Build.0 = Release|Any CPU
	EndGlobalSection
EndGlobal
